{
  "name": "go-latest",
  "version": "1.1.0",
  "lockfileVersion": 1,
  "requires": true,
  "dependencies": {
    "go-versions": {
      "version": "1.1.0",
      "resolved": "https://registry.npmjs.org/go-versions/-/go-versions-1.1.0.tgz",
      "integrity": "sha512-ZB9oniRRCOjEHNWbNB5CyV738leQzmdz+zdDK24Sh385bkk9z6VElxg4SM4iqa6Oz9tY4vsUgCfAQp4i6RmDDQ=="
    }
  }
}
