{
  "name": "go-latest",
  "version": "1.1.0",
  "lockfileVersion": 1,
  "requires": true,
  "dependencies": {
    "go-versions": {
      "version": "1.3.2",
      "resolved": "https://registry.npmjs.org/go-versions/-/go-versions-1.3.2.tgz",
      "integrity": "sha512-nKjEKqRT1BUPVGO8WO5EKUWgJ6l1sThfSdYuRi6WwNyiwR4SOfC/FoB7aRRUtfmMHBU3ZJNMG2x8GiE51/tbhg=="
    }
  }
}
